
Microsoft Visual Studio Solution File, Format Version 12.00
# Visual Studio 2013
VisualStudioVersion = 12.0.40629.0
MinimumVisualStudioVersion = 10.0.40219.1
Project("{FAE04EC0-301F-11D3-BF4B-00C04F79EFBC}") = "Singapor.Model", "Singapor.Model\Singapor.Model.csproj", "{A511AF82-EE61-4704-816D-BF0779FAD21E}"
EndProject
Project("{FAE04EC0-301F-11D3-BF4B-00C04F79EFBC}") = "Singapor.DAL", "Singapor.DAL\Singapor.DAL.csproj", "{9396C057-F78D-41F7-AA46-7E2743E58150}"
EndProject
Project("{FAE04EC0-301F-11D3-BF4B-00C04F79EFBC}") = "Singapor.Services", "Singapor.Services\Singapor.Services.csproj", "{EB9947E2-52D4-481A-9500-1F7D6A9EAD46}"
EndProject
Project("{FAE04EC0-301F-11D3-BF4B-00C04F79EFBC}") = "Singapor.Tests", "Singapor.Tests\Singapor.Tests.csproj", "{11DEBBFB-624E-44C2-A1D5-13C887194128}"
EndProject
Project("{FAE04EC0-301F-11D3-BF4B-00C04F79EFBC}") = "Singapor.Infrastructure", "Singapor.Infrastructure\Singapor.Infrastructure.csproj", "{F61F11A8-7D5F-41CD-9717-3D20FAC7FFDC}"
EndProject
Project("{FAE04EC0-301F-11D3-BF4B-00C04F79EFBC}") = "Singapor.Texts", "Singapor.Texts\Singapor.Texts.csproj", "{F7DB7DBC-C6C8-4836-8665-23C5545663A5}"
EndProject
Project("{2150E333-8FDC-42A3-9474-1A3956D46DE8}") = "Core", "Core", "{EF917988-22A2-49F1-B514-18D0F0C5E507}"
EndProject
Project("{2150E333-8FDC-42A3-9474-1A3956D46DE8}") = "Api", "Api", "{9A29540F-406A-45B9-AFEA-F9DDFC69990C}"
EndProject
Project("{FAE04EC0-301F-11D3-BF4B-00C04F79EFBC}") = "Singapor.Helpers", "Singapor.Helpers\Singapor.Helpers.csproj", "{3369F802-1889-4A27-91A4-89DDEE682FB4}"
EndProject
Project("{FAE04EC0-301F-11D3-BF4B-00C04F79EFBC}") = "Singapor.ApplicationServices", "Singapor.ApplicationServices\Singapor.ApplicationServices.csproj", "{FFCDC36D-0831-4138-8648-FA4689283F78}"
EndProject
Project("{FAE04EC0-301F-11D3-BF4B-00C04F79EFBC}") = "Singapor.Api", "Singapor.Api\Singapor.Api.csproj", "{430CCECF-5E03-41BF-AF9F-FB3C6B52252A}"
EndProject
Project("{FAE04EC0-301F-11D3-BF4B-00C04F79EFBC}") = "Singapor.Common", "Singapor.Common\Singapor.Common.csproj", "{D93560EE-1DD5-44CE-B75A-B5CD7B5303F5}"
EndProject
Global
	GlobalSection(SolutionConfigurationPlatforms) = preSolution
		Debug|Any CPU = Debug|Any CPU
		Release|Any CPU = Release|Any CPU
	EndGlobalSection
	GlobalSection(ProjectConfigurationPlatforms) = postSolution
		{A511AF82-EE61-4704-816D-BF0779FAD21E}.Debug|Any CPU.ActiveCfg = Debug|Any CPU
		{A511AF82-EE61-4704-816D-BF0779FAD21E}.Debug|Any CPU.Build.0 = Debug|Any CPU
		{A511AF82-EE61-4704-816D-BF0779FAD21E}.Release|Any CPU.ActiveCfg = Release|Any CPU
		{A511AF82-EE61-4704-816D-BF0779FAD21E}.Release|Any CPU.Build.0 = Release|Any CPU
		{9396C057-F78D-41F7-AA46-7E2743E58150}.Debug|Any CPU.ActiveCfg = Debug|Any CPU
		{9396C057-F78D-41F7-AA46-7E2743E58150}.Debug|Any CPU.Build.0 = Debug|Any CPU
		{9396C057-F78D-41F7-AA46-7E2743E58150}.Release|Any CPU.ActiveCfg = Release|Any CPU
		{9396C057-F78D-41F7-AA46-7E2743E58150}.Release|Any CPU.Build.0 = Release|Any CPU
		{EB9947E2-52D4-481A-9500-1F7D6A9EAD46}.Debug|Any CPU.ActiveCfg = Debug|Any CPU
		{EB9947E2-52D4-481A-9500-1F7D6A9EAD46}.Debug|Any CPU.Build.0 = Debug|Any CPU
		{EB9947E2-52D4-481A-9500-1F7D6A9EAD46}.Release|Any CPU.ActiveCfg = Release|Any CPU
		{EB9947E2-52D4-481A-9500-1F7D6A9EAD46}.Release|Any CPU.Build.0 = Release|Any CPU
		{11DEBBFB-624E-44C2-A1D5-13C887194128}.Debug|Any CPU.ActiveCfg = Debug|Any CPU
		{11DEBBFB-624E-44C2-A1D5-13C887194128}.Debug|Any CPU.Build.0 = Debug|Any CPU
		{11DEBBFB-624E-44C2-A1D5-13C887194128}.Release|Any CPU.ActiveCfg = Release|Any CPU
		{11DEBBFB-624E-44C2-A1D5-13C887194128}.Release|Any CPU.Build.0 = Release|Any CPU
		{F61F11A8-7D5F-41CD-9717-3D20FAC7FFDC}.Debug|Any CPU.ActiveCfg = Debug|Any CPU
		{F61F11A8-7D5F-41CD-9717-3D20FAC7FFDC}.Debug|Any CPU.Build.0 = Debug|Any CPU
		{F61F11A8-7D5F-41CD-9717-3D20FAC7FFDC}.Release|Any CPU.ActiveCfg = Release|Any CPU
		{F61F11A8-7D5F-41CD-9717-3D20FAC7FFDC}.Release|Any CPU.Build.0 = Release|Any CPU
		{F7DB7DBC-C6C8-4836-8665-23C5545663A5}.Debug|Any CPU.ActiveCfg = Debug|Any CPU
		{F7DB7DBC-C6C8-4836-8665-23C5545663A5}.Debug|Any CPU.Build.0 = Debug|Any CPU
		{F7DB7DBC-C6C8-4836-8665-23C5545663A5}.Release|Any CPU.ActiveCfg = Release|Any CPU
		{F7DB7DBC-C6C8-4836-8665-23C5545663A5}.Release|Any CPU.Build.0 = Release|Any CPU
		{3369F802-1889-4A27-91A4-89DDEE682FB4}.Debug|Any CPU.ActiveCfg = Debug|Any CPU
		{3369F802-1889-4A27-91A4-89DDEE682FB4}.Debug|Any CPU.Build.0 = Debug|Any CPU
		{3369F802-1889-4A27-91A4-89DDEE682FB4}.Release|Any CPU.ActiveCfg = Release|Any CPU
		{3369F802-1889-4A27-91A4-89DDEE682FB4}.Release|Any CPU.Build.0 = Release|Any CPU
		{FFCDC36D-0831-4138-8648-FA4689283F78}.Debug|Any CPU.ActiveCfg = Debug|Any CPU
		{FFCDC36D-0831-4138-8648-FA4689283F78}.Debug|Any CPU.Build.0 = Debug|Any CPU
		{FFCDC36D-0831-4138-8648-FA4689283F78}.Release|Any CPU.ActiveCfg = Release|Any CPU
		{FFCDC36D-0831-4138-8648-FA4689283F78}.Release|Any CPU.Build.0 = Release|Any CPU
		{430CCECF-5E03-41BF-AF9F-FB3C6B52252A}.Debug|Any CPU.ActiveCfg = Debug|Any CPU
		{430CCECF-5E03-41BF-AF9F-FB3C6B52252A}.Debug|Any CPU.Build.0 = Debug|Any CPU
		{430CCECF-5E03-41BF-AF9F-FB3C6B52252A}.Release|Any CPU.ActiveCfg = Release|Any CPU
		{430CCECF-5E03-41BF-AF9F-FB3C6B52252A}.Release|Any CPU.Build.0 = Release|Any CPU
		{D93560EE-1DD5-44CE-B75A-B5CD7B5303F5}.Debug|Any CPU.ActiveCfg = Debug|Any CPU
		{D93560EE-1DD5-44CE-B75A-B5CD7B5303F5}.Debug|Any CPU.Build.0 = Debug|Any CPU
		{D93560EE-1DD5-44CE-B75A-B5CD7B5303F5}.Release|Any CPU.ActiveCfg = Release|Any CPU
		{D93560EE-1DD5-44CE-B75A-B5CD7B5303F5}.Release|Any CPU.Build.0 = Release|Any CPU
	EndGlobalSection
	GlobalSection(SolutionProperties) = preSolution
		HideSolutionNode = FALSE
	EndGlobalSection
	GlobalSection(NestedProjects) = preSolution
		{A511AF82-EE61-4704-816D-BF0779FAD21E} = {EF917988-22A2-49F1-B514-18D0F0C5E507}
		{9396C057-F78D-41F7-AA46-7E2743E58150} = {EF917988-22A2-49F1-B514-18D0F0C5E507}
		{EB9947E2-52D4-481A-9500-1F7D6A9EAD46} = {EF917988-22A2-49F1-B514-18D0F0C5E507}
		{F61F11A8-7D5F-41CD-9717-3D20FAC7FFDC} = {EF917988-22A2-49F1-B514-18D0F0C5E507}
		{F7DB7DBC-C6C8-4836-8665-23C5545663A5} = {EF917988-22A2-49F1-B514-18D0F0C5E507}
		{3369F802-1889-4A27-91A4-89DDEE682FB4} = {EF917988-22A2-49F1-B514-18D0F0C5E507}
		{FFCDC36D-0831-4138-8648-FA4689283F78} = {EF917988-22A2-49F1-B514-18D0F0C5E507}
		{430CCECF-5E03-41BF-AF9F-FB3C6B52252A} = {9A29540F-406A-45B9-AFEA-F9DDFC69990C}
		{D93560EE-1DD5-44CE-B75A-B5CD7B5303F5} = {EF917988-22A2-49F1-B514-18D0F0C5E507}
	EndGlobalSection
EndGlobal
